{
  "name": "project0",
  "version": "1.0.0",
  "lockfileVersion": 1,
  "requires": true,
  "dependencies": {
    "svg-country-flags": {
      "version": "1.2.7",
      "resolved": "https://registry.npmjs.org/svg-country-flags/-/svg-country-flags-1.2.7.tgz",
      "integrity": "sha512-23/PTK1CWeFFnL4S7IBI8/vok6uE1qZBZrh6avn5J3XbQmw0NUHpOBRC0HEe7y80YbTOrOqu81IaCC030h74qQ=="
    }
  }
}
